// !$*UTF8*$!
{
	archiveVersion = 1;
	classes = {
	};
	objectVersion = 56;
	objects = {

/* Begin PBXBuildFile section */
		EC0623E72B5AC1710004B5E4 /* ForgotPasswordView.swift in Sources */ = {isa = PBXBuildFile; fileRef = EC0623E62B5AC1710004B5E4 /* ForgotPasswordView.swift */; };
		EC0623E92B5AC2810004B5E4 /* ForgotPasswordVC.swift in Sources */ = {isa = PBXBuildFile; fileRef = EC0623E82B5AC2810004B5E4 /* ForgotPasswordVC.swift */; };
		EC0623EC2B5AC4D20004B5E4 /* HelpAndSupportVC.swift in Sources */ = {isa = PBXBuildFile; fileRef = EC0623EB2B5AC4D20004B5E4 /* HelpAndSupportVC.swift */; };
		EC0623EE2B5AC4DA0004B5E4 /* HelpAndSupportView.swift in Sources */ = {isa = PBXBuildFile; fileRef = EC0623ED2B5AC4DA0004B5E4 /* HelpAndSupportView.swift */; };
		EC0623F02B5AC5550004B5E4 /* FontSize.swift in Sources */ = {isa = PBXBuildFile; fileRef = EC0623EF2B5AC5550004B5E4 /* FontSize.swift */; };
		EC9195702B594F2D000EF206 /* AppDelegate.swift in Sources */ = {isa = PBXBuildFile; fileRef = EC91956F2B594F2D000EF206 /* AppDelegate.swift */; };
		EC9195722B594F2D000EF206 /* SceneDelegate.swift in Sources */ = {isa = PBXBuildFile; fileRef = EC9195712B594F2D000EF206 /* SceneDelegate.swift */; };
		EC9195792B594F2F000EF206 /* Assets.xcassets in Resources */ = {isa = PBXBuildFile; fileRef = EC9195782B594F2F000EF206 /* Assets.xcassets */; };
		EC91957C2B594F2F000EF206 /* LaunchScreen.storyboard in Resources */ = {isa = PBXBuildFile; fileRef = EC91957A2B594F2F000EF206 /* LaunchScreen.storyboard */; };
		EC9195872B595F60000EF206 /* a3.json in Resources */ = {isa = PBXBuildFile; fileRef = EC9195862B595F60000EF206 /* a3.json */; };
		EC9195892B595F67000EF206 /* a1.json in Resources */ = {isa = PBXBuildFile; fileRef = EC9195882B595F67000EF206 /* a1.json */; };
		EC91958B2B595F6F000EF206 /* a2.json in Resources */ = {isa = PBXBuildFile; fileRef = EC91958A2B595F6F000EF206 /* a2.json */; };
		EC91958F2B5972E4000EF206 /* NewsModel.swift in Sources */ = {isa = PBXBuildFile; fileRef = EC91958E2B5972E4000EF206 /* NewsModel.swift */; };
		EC9195912B59734B000EF206 /* OnboardingModel.swift in Sources */ = {isa = PBXBuildFile; fileRef = EC9195902B59734B000EF206 /* OnboardingModel.swift */; };
		EC9195952B59759E000EF206 /* TitleLabel.swift in Sources */ = {isa = PBXBuildFile; fileRef = EC9195942B59759E000EF206 /* TitleLabel.swift */; };
		EC9195972B5975E6000EF206 /* BodyLabel.swift in Sources */ = {isa = PBXBuildFile; fileRef = EC9195962B5975E6000EF206 /* BodyLabel.swift */; };
		EC9195992B59762E000EF206 /* SecondaryTitleLabel.swift in Sources */ = {isa = PBXBuildFile; fileRef = EC9195982B59762E000EF206 /* SecondaryTitleLabel.swift */; };
		EC91959C2B59787F000EF206 /* AlertContainerView.swift in Sources */ = {isa = PBXBuildFile; fileRef = EC91959B2B59787F000EF206 /* AlertContainerView.swift */; };
		EC91959F2B5978C1000EF206 /* SnapKit in Frameworks */ = {isa = PBXBuildFile; productRef = EC91959E2B5978C1000EF206 /* SnapKit */; };
		EC9195A12B5978C1000EF206 /* SnapKit-Dynamic in Frameworks */ = {isa = PBXBuildFile; productRef = EC9195A02B5978C1000EF206 /* SnapKit-Dynamic */; };
		EC9195A32B5978CB000EF206 /* AlertVC.swift in Sources */ = {isa = PBXBuildFile; fileRef = EC9195A22B5978CB000EF206 /* AlertVC.swift */; };
		EC9195A62B599056000EF206 /* CustomButton.swift in Sources */ = {isa = PBXBuildFile; fileRef = EC9195A52B599056000EF206 /* CustomButton.swift */; };
		EC9195A92B5992C3000EF206 /* String+Ext.swift in Sources */ = {isa = PBXBuildFile; fileRef = EC9195A82B5992C3000EF206 /* String+Ext.swift */; };
		EC9195AB2B5992E9000EF206 /* CustomError.swift in Sources */ = {isa = PBXBuildFile; fileRef = EC9195AA2B5992E9000EF206 /* CustomError.swift */; };
		EC9195AD2B59931C000EF206 /* UIViewController+Ext.swift in Sources */ = {isa = PBXBuildFile; fileRef = EC9195AC2B59931C000EF206 /* UIViewController+Ext.swift */; };
		EC9195AF2B5993A9000EF206 /* UIView+Ext.swift in Sources */ = {isa = PBXBuildFile; fileRef = EC9195AE2B5993A9000EF206 /* UIView+Ext.swift */; };
		EC9195B22B599712000EF206 /* CustomTextField.swift in Sources */ = {isa = PBXBuildFile; fileRef = EC9195B12B599712000EF206 /* CustomTextField.swift */; };
		EC9195B52B59AC67000EF206 /* AuthViewModel.swift in Sources */ = {isa = PBXBuildFile; fileRef = EC9195B42B59AC67000EF206 /* AuthViewModel.swift */; };
		EC9195B82B59ADB1000EF206 /* FirebaseAnalytics in Frameworks */ = {isa = PBXBuildFile; productRef = EC9195B72B59ADB1000EF206 /* FirebaseAnalytics */; };
		EC9195BA2B59ADB1000EF206 /* FirebaseAnalyticsOnDeviceConversion in Frameworks */ = {isa = PBXBuildFile; productRef = EC9195B92B59ADB1000EF206 /* FirebaseAnalyticsOnDeviceConversion */; };
		EC9195BC2B59ADB1000EF206 /* FirebaseAnalyticsSwift in Frameworks */ = {isa = PBXBuildFile; productRef = EC9195BB2B59ADB1000EF206 /* FirebaseAnalyticsSwift */; };
		EC9195BE2B59ADB1000EF206 /* FirebaseAnalyticsWithoutAdIdSupport in Frameworks */ = {isa = PBXBuildFile; productRef = EC9195BD2B59ADB1000EF206 /* FirebaseAnalyticsWithoutAdIdSupport */; };
		EC9195C02B59ADB1000EF206 /* FirebaseAppCheck in Frameworks */ = {isa = PBXBuildFile; productRef = EC9195BF2B59ADB1000EF206 /* FirebaseAppCheck */; };
		EC9195C22B59B5D4000EF206 /* OnboardingViewModel.swift in Sources */ = {isa = PBXBuildFile; fileRef = EC9195C12B59B5D4000EF206 /* OnboardingViewModel.swift */; };
		EC9195C42B59B61E000EF206 /* Color+Ext.swift in Sources */ = {isa = PBXBuildFile; fileRef = EC9195C32B59B61E000EF206 /* Color+Ext.swift */; };
		EC9195C92B59BE8B000EF206 /* RegisterView.swift in Sources */ = {isa = PBXBuildFile; fileRef = EC9195C82B59BE8B000EF206 /* RegisterView.swift */; };
		EC9195CB2B59C093000EF206 /* RegisterVC.swift in Sources */ = {isa = PBXBuildFile; fileRef = EC9195CA2B59C093000EF206 /* RegisterVC.swift */; };
		EC9195CE2B59C0F3000EF206 /* MainTabBarController.swift in Sources */ = {isa = PBXBuildFile; fileRef = EC9195CD2B59C0F3000EF206 /* MainTabBarController.swift */; };
		EC9195D12B59C1A0000EF206 /* HomeVC.swift in Sources */ = {isa = PBXBuildFile; fileRef = EC9195D02B59C1A0000EF206 /* HomeVC.swift */; };
		EC9195D42B59C1BE000EF206 /* SearchVC.swift in Sources */ = {isa = PBXBuildFile; fileRef = EC9195D32B59C1BE000EF206 /* SearchVC.swift */; };
		EC9195D72B59C1D8000EF206 /* FavoritesVC.swift in Sources */ = {isa = PBXBuildFile; fileRef = EC9195D62B59C1D8000EF206 /* FavoritesVC.swift */; };
		EC9195DA2B59C208000EF206 /* ProfileVC.swift in Sources */ = {isa = PBXBuildFile; fileRef = EC9195D92B59C208000EF206 /* ProfileVC.swift */; };
		EC9195DD2B5A774A000EF206 /* LoginView.swift in Sources */ = {isa = PBXBuildFile; fileRef = EC9195DC2B5A774A000EF206 /* LoginView.swift */; };
		EC9195DF2B5A774E000EF206 /* LoginVC.swift in Sources */ = {isa = PBXBuildFile; fileRef = EC9195DE2B5A774E000EF206 /* LoginVC.swift */; };
/* End PBXBuildFile section */

/* Begin PBXFileReference section */
		EC0623E62B5AC1710004B5E4 /* ForgotPasswordView.swift */ = {isa = PBXFileReference; lastKnownFileType = sourcecode.swift; path = ForgotPasswordView.swift; sourceTree = "<group>"; };
		EC0623E82B5AC2810004B5E4 /* ForgotPasswordVC.swift */ = {isa = PBXFileReference; lastKnownFileType = sourcecode.swift; path = ForgotPasswordVC.swift; sourceTree = "<group>"; };
		EC0623EB2B5AC4D20004B5E4 /* HelpAndSupportVC.swift */ = {isa = PBXFileReference; lastKnownFileType = sourcecode.swift; path = HelpAndSupportVC.swift; sourceTree = "<group>"; };
		EC0623ED2B5AC4DA0004B5E4 /* HelpAndSupportView.swift */ = {isa = PBXFileReference; lastKnownFileType = sourcecode.swift; path = HelpAndSupportView.swift; sourceTree = "<group>"; };
		EC0623EF2B5AC5550004B5E4 /* FontSize.swift */ = {isa = PBXFileReference; lastKnownFileType = sourcecode.swift; path = FontSize.swift; sourceTree = "<group>"; };
		EC91956C2B594F2D000EF206 /* Daily News Reader.app */ = {isa = PBXFileReference; explicitFileType = wrapper.application; includeInIndex = 0; path = "Daily News Reader.app"; sourceTree = BUILT_PRODUCTS_DIR; };
		EC91956F2B594F2D000EF206 /* AppDelegate.swift */ = {isa = PBXFileReference; lastKnownFileType = sourcecode.swift; path = AppDelegate.swift; sourceTree = "<group>"; };
		EC9195712B594F2D000EF206 /* SceneDelegate.swift */ = {isa = PBXFileReference; lastKnownFileType = sourcecode.swift; path = SceneDelegate.swift; sourceTree = "<group>"; };
		EC9195782B594F2F000EF206 /* Assets.xcassets */ = {isa = PBXFileReference; lastKnownFileType = folder.assetcatalog; path = Assets.xcassets; sourceTree = "<group>"; };
		EC91957B2B594F2F000EF206 /* Base */ = {isa = PBXFileReference; lastKnownFileType = file.storyboard; name = Base; path = Base.lproj/LaunchScreen.storyboard; sourceTree = "<group>"; };
		EC91957D2B594F2F000EF206 /* Info.plist */ = {isa = PBXFileReference; lastKnownFileType = text.plist.xml; path = Info.plist; sourceTree = "<group>"; };
		EC9195862B595F60000EF206 /* a3.json */ = {isa = PBXFileReference; fileEncoding = 4; lastKnownFileType = text.json; path = a3.json; sourceTree = "<group>"; };
		EC9195882B595F67000EF206 /* a1.json */ = {isa = PBXFileReference; fileEncoding = 4; lastKnownFileType = text.json; path = a1.json; sourceTree = "<group>"; };
		EC91958A2B595F6F000EF206 /* a2.json */ = {isa = PBXFileReference; fileEncoding = 4; lastKnownFileType = text.json; path = a2.json; sourceTree = "<group>"; };
		EC91958E2B5972E4000EF206 /* NewsModel.swift */ = {isa = PBXFileReference; lastKnownFileType = sourcecode.swift; path = NewsModel.swift; sourceTree = "<group>"; };
		EC9195902B59734B000EF206 /* OnboardingModel.swift */ = {isa = PBXFileReference; lastKnownFileType = sourcecode.swift; path = OnboardingModel.swift; sourceTree = "<group>"; };
		EC9195942B59759E000EF206 /* TitleLabel.swift */ = {isa = PBXFileReference; lastKnownFileType = sourcecode.swift; path = TitleLabel.swift; sourceTree = "<group>"; };
		EC9195962B5975E6000EF206 /* BodyLabel.swift */ = {isa = PBXFileReference; lastKnownFileType = sourcecode.swift; path = BodyLabel.swift; sourceTree = "<group>"; };
		EC9195982B59762E000EF206 /* SecondaryTitleLabel.swift */ = {isa = PBXFileReference; lastKnownFileType = sourcecode.swift; path = SecondaryTitleLabel.swift; sourceTree = "<group>"; };
		EC91959B2B59787F000EF206 /* AlertContainerView.swift */ = {isa = PBXFileReference; lastKnownFileType = sourcecode.swift; path = AlertContainerView.swift; sourceTree = "<group>"; };
		EC9195A22B5978CB000EF206 /* AlertVC.swift */ = {isa = PBXFileReference; lastKnownFileType = sourcecode.swift; path = AlertVC.swift; sourceTree = "<group>"; };
		EC9195A52B599056000EF206 /* CustomButton.swift */ = {isa = PBXFileReference; lastKnownFileType = sourcecode.swift; path = CustomButton.swift; sourceTree = "<group>"; };
		EC9195A82B5992C3000EF206 /* String+Ext.swift */ = {isa = PBXFileReference; lastKnownFileType = sourcecode.swift; path = "String+Ext.swift"; sourceTree = "<group>"; };
		EC9195AA2B5992E9000EF206 /* CustomError.swift */ = {isa = PBXFileReference; lastKnownFileType = sourcecode.swift; path = CustomError.swift; sourceTree = "<group>"; };
		EC9195AC2B59931C000EF206 /* UIViewController+Ext.swift */ = {isa = PBXFileReference; lastKnownFileType = sourcecode.swift; path = "UIViewController+Ext.swift"; sourceTree = "<group>"; };
		EC9195AE2B5993A9000EF206 /* UIView+Ext.swift */ = {isa = PBXFileReference; lastKnownFileType = sourcecode.swift; path = "UIView+Ext.swift"; sourceTree = "<group>"; };
		EC9195B12B599712000EF206 /* CustomTextField.swift */ = {isa = PBXFileReference; lastKnownFileType = sourcecode.swift; path = CustomTextField.swift; sourceTree = "<group>"; };
		EC9195B42B59AC67000EF206 /* AuthViewModel.swift */ = {isa = PBXFileReference; lastKnownFileType = sourcecode.swift; path = AuthViewModel.swift; sourceTree = "<group>"; };
		EC9195C12B59B5D4000EF206 /* OnboardingViewModel.swift */ = {isa = PBXFileReference; lastKnownFileType = sourcecode.swift; path = OnboardingViewModel.swift; sourceTree = "<group>"; };
		EC9195C32B59B61E000EF206 /* Color+Ext.swift */ = {isa = PBXFileReference; lastKnownFileType = sourcecode.swift; path = "Color+Ext.swift"; sourceTree = "<group>"; };
		EC9195C82B59BE8B000EF206 /* RegisterView.swift */ = {isa = PBXFileReference; lastKnownFileType = sourcecode.swift; path = RegisterView.swift; sourceTree = "<group>"; };
		EC9195CA2B59C093000EF206 /* RegisterVC.swift */ = {isa = PBXFileReference; lastKnownFileType = sourcecode.swift; path = RegisterVC.swift; sourceTree = "<group>"; };
		EC9195CD2B59C0F3000EF206 /* MainTabBarController.swift */ = {isa = PBXFileReference; lastKnownFileType = sourcecode.swift; path = MainTabBarController.swift; sourceTree = "<group>"; };
		EC9195D02B59C1A0000EF206 /* HomeVC.swift */ = {isa = PBXFileReference; lastKnownFileType = sourcecode.swift; path = HomeVC.swift; sourceTree = "<group>"; };
		EC9195D32B59C1BE000EF206 /* SearchVC.swift */ = {isa = PBXFileReference; lastKnownFileType = sourcecode.swift; path = SearchVC.swift; sourceTree = "<group>"; };
		EC9195D62B59C1D8000EF206 /* FavoritesVC.swift */ = {isa = PBXFileReference; lastKnownFileType = sourcecode.swift; path = FavoritesVC.swift; sourceTree = "<group>"; };
		EC9195D92B59C208000EF206 /* ProfileVC.swift */ = {isa = PBXFileReference; lastKnownFileType = sourcecode.swift; path = ProfileVC.swift; sourceTree = "<group>"; };
		EC9195DC2B5A774A000EF206 /* LoginView.swift */ = {isa = PBXFileReference; lastKnownFileType = sourcecode.swift; path = LoginView.swift; sourceTree = "<group>"; };
		EC9195DE2B5A774E000EF206 /* LoginVC.swift */ = {isa = PBXFileReference; lastKnownFileType = sourcecode.swift; path = LoginVC.swift; sourceTree = "<group>"; };
/* End PBXFileReference section */

/* Begin PBXFrameworksBuildPhase section */
		EC9195692B594F2D000EF206 /* Frameworks */ = {
			isa = PBXFrameworksBuildPhase;
			buildActionMask = 2147483647;
			files = (
				EC91959F2B5978C1000EF206 /* SnapKit in Frameworks */,
				EC9195BE2B59ADB1000EF206 /* FirebaseAnalyticsWithoutAdIdSupport in Frameworks */,
				EC9195A12B5978C1000EF206 /* SnapKit-Dynamic in Frameworks */,
				EC9195B82B59ADB1000EF206 /* FirebaseAnalytics in Frameworks */,
				EC9195C02B59ADB1000EF206 /* FirebaseAppCheck in Frameworks */,
				EC9195BA2B59ADB1000EF206 /* FirebaseAnalyticsOnDeviceConversion in Frameworks */,
				EC9195BC2B59ADB1000EF206 /* FirebaseAnalyticsSwift in Frameworks */,
			);
			runOnlyForDeploymentPostprocessing = 0;
		};
/* End PBXFrameworksBuildPhase section */

/* Begin PBXGroup section */
		EC0623E52B5AC1680004B5E4 /* ForgotPassword */ = {
			isa = PBXGroup;
			children = (
				EC0623E62B5AC1710004B5E4 /* ForgotPasswordView.swift */,
				EC0623E82B5AC2810004B5E4 /* ForgotPasswordVC.swift */,
			);
			path = ForgotPassword;
			sourceTree = "<group>";
		};
		EC0623EA2B5AC4890004B5E4 /* HelpAndSupport */ = {
			isa = PBXGroup;
			children = (
				EC0623EB2B5AC4D20004B5E4 /* HelpAndSupportVC.swift */,
				EC0623ED2B5AC4DA0004B5E4 /* HelpAndSupportView.swift */,
			);
			path = HelpAndSupport;
			sourceTree = "<group>";
		};
		EC9195632B594F2D000EF206 = {
			isa = PBXGroup;
			children = (
				EC91956E2B594F2D000EF206 /* Daily News Reader */,
				EC91956D2B594F2D000EF206 /* Products */,
			);
			sourceTree = "<group>";
		};
		EC91956D2B594F2D000EF206 /* Products */ = {
			isa = PBXGroup;
			children = (
				EC91956C2B594F2D000EF206 /* Daily News Reader.app */,
			);
			name = Products;
			sourceTree = "<group>";
		};
		EC91956E2B594F2D000EF206 /* Daily News Reader */ = {
			isa = PBXGroup;
			children = (
				EC9195C52B59B6D7000EF206 /* Support */,
				EC9195B32B59AC54000EF206 /* ViewModels */,
				EC9195A72B5992AA000EF206 /* Extensions */,
				EC9195922B597587000EF206 /* CustomComponents */,
				EC91958D2B59729C000EF206 /* Model */,
				EC9195832B595F44000EF206 /* Screens */,
			);
			path = "Daily News Reader";
			sourceTree = "<group>";
		};
		EC9195832B595F44000EF206 /* Screens */ = {
			isa = PBXGroup;
			children = (
				EC0623EA2B5AC4890004B5E4 /* HelpAndSupport */,
				EC9195D82B59C1E8000EF206 /* Profile */,
				EC9195D52B59C1CF000EF206 /* Favorites */,
				EC9195D22B59C1AE000EF206 /* Search */,
				EC9195CF2B59C199000EF206 /* Home */,
				EC9195CC2B59C0D1000EF206 /* TabBar */,
				EC9195C62B59BD13000EF206 /* Auth */,
				EC9195842B595F4C000EF206 /* Onboarding */,
			);
			path = Screens;
			sourceTree = "<group>";
		};
		EC9195842B595F4C000EF206 /* Onboarding */ = {
			isa = PBXGroup;
			children = (
				EC9195852B595F56000EF206 /* Lottie */,
			);
			path = Onboarding;
			sourceTree = "<group>";
		};
		EC9195852B595F56000EF206 /* Lottie */ = {
			isa = PBXGroup;
			children = (
				EC9195882B595F67000EF206 /* a1.json */,
				EC91958A2B595F6F000EF206 /* a2.json */,
				EC9195862B595F60000EF206 /* a3.json */,
			);
			path = Lottie;
			sourceTree = "<group>";
		};
		EC91958D2B59729C000EF206 /* Model */ = {
			isa = PBXGroup;
			children = (
				EC91958E2B5972E4000EF206 /* NewsModel.swift */,
				EC9195902B59734B000EF206 /* OnboardingModel.swift */,
			);
			path = Model;
			sourceTree = "<group>";
		};
		EC9195922B597587000EF206 /* CustomComponents */ = {
			isa = PBXGroup;
			children = (
				EC9195B02B599705000EF206 /* TextFields */,
				EC9195A42B59904C000EF206 /* Button */,
				EC91959A2B597875000EF206 /* Alert */,
				EC9195932B59758F000EF206 /* Labels */,
			);
			path = CustomComponents;
			sourceTree = "<group>";
		};
		EC9195932B59758F000EF206 /* Labels */ = {
			isa = PBXGroup;
			children = (
				EC9195942B59759E000EF206 /* TitleLabel.swift */,
				EC9195962B5975E6000EF206 /* BodyLabel.swift */,
				EC9195982B59762E000EF206 /* SecondaryTitleLabel.swift */,
			);
			path = Labels;
			sourceTree = "<group>";
		};
		EC91959A2B597875000EF206 /* Alert */ = {
			isa = PBXGroup;
			children = (
				EC91959B2B59787F000EF206 /* AlertContainerView.swift */,
				EC9195A22B5978CB000EF206 /* AlertVC.swift */,
			);
			path = Alert;
			sourceTree = "<group>";
		};
		EC9195A42B59904C000EF206 /* Button */ = {
			isa = PBXGroup;
			children = (
				EC9195A52B599056000EF206 /* CustomButton.swift */,
			);
			path = Button;
			sourceTree = "<group>";
		};
		EC9195A72B5992AA000EF206 /* Extensions */ = {
			isa = PBXGroup;
			children = (
				EC9195A82B5992C3000EF206 /* String+Ext.swift */,
				EC9195AA2B5992E9000EF206 /* CustomError.swift */,
				EC9195AC2B59931C000EF206 /* UIViewController+Ext.swift */,
				EC9195AE2B5993A9000EF206 /* UIView+Ext.swift */,
				EC9195C32B59B61E000EF206 /* Color+Ext.swift */,
				EC0623EF2B5AC5550004B5E4 /* FontSize.swift */,
			);
			path = Extensions;
			sourceTree = "<group>";
		};
		EC9195B02B599705000EF206 /* TextFields */ = {
			isa = PBXGroup;
			children = (
				EC9195B12B599712000EF206 /* CustomTextField.swift */,
			);
			path = TextFields;
			sourceTree = "<group>";
		};
		EC9195B32B59AC54000EF206 /* ViewModels */ = {
			isa = PBXGroup;
			children = (
				EC9195B42B59AC67000EF206 /* AuthViewModel.swift */,
				EC9195C12B59B5D4000EF206 /* OnboardingViewModel.swift */,
			);
			path = ViewModels;
			sourceTree = "<group>";
		};
		EC9195C52B59B6D7000EF206 /* Support */ = {
			isa = PBXGroup;
			children = (
				EC91956F2B594F2D000EF206 /* AppDelegate.swift */,
				EC9195712B594F2D000EF206 /* SceneDelegate.swift */,
				EC9195782B594F2F000EF206 /* Assets.xcassets */,
				EC91957A2B594F2F000EF206 /* LaunchScreen.storyboard */,
				EC91957D2B594F2F000EF206 /* Info.plist */,
			);
			name = Support;
			sourceTree = "<group>";
		};
		EC9195C62B59BD13000EF206 /* Auth */ = {
			isa = PBXGroup;
			children = (
				EC0623E52B5AC1680004B5E4 /* ForgotPassword */,
				EC9195DB2B5A773D000EF206 /* Login */,
				EC9195C72B59BD1A000EF206 /* Register */,
			);
			path = Auth;
			sourceTree = "<group>";
		};
		EC9195C72B59BD1A000EF206 /* Register */ = {
			isa = PBXGroup;
			children = (
				EC9195C82B59BE8B000EF206 /* RegisterView.swift */,
				EC9195CA2B59C093000EF206 /* RegisterVC.swift */,
			);
			path = Register;
			sourceTree = "<group>";
		};
		EC9195CC2B59C0D1000EF206 /* TabBar */ = {
			isa = PBXGroup;
			children = (
				EC9195CD2B59C0F3000EF206 /* MainTabBarController.swift */,
			);
			path = TabBar;
			sourceTree = "<group>";
		};
		EC9195CF2B59C199000EF206 /* Home */ = {
			isa = PBXGroup;
			children = (
				EC9195D02B59C1A0000EF206 /* HomeVC.swift */,
			);
			path = Home;
			sourceTree = "<group>";
		};
		EC9195D22B59C1AE000EF206 /* Search */ = {
			isa = PBXGroup;
			children = (
				EC9195D32B59C1BE000EF206 /* SearchVC.swift */,
			);
			path = Search;
			sourceTree = "<group>";
		};
		EC9195D52B59C1CF000EF206 /* Favorites */ = {
			isa = PBXGroup;
			children = (
				EC9195D62B59C1D8000EF206 /* FavoritesVC.swift */,
			);
			path = Favorites;
			sourceTree = "<group>";
		};
		EC9195D82B59C1E8000EF206 /* Profile */ = {
			isa = PBXGroup;
			children = (
				EC9195D92B59C208000EF206 /* ProfileVC.swift */,
			);
			path = Profile;
			sourceTree = "<group>";
		};
		EC9195DB2B5A773D000EF206 /* Login */ = {
			isa = PBXGroup;
			children = (
				EC9195DC2B5A774A000EF206 /* LoginView.swift */,
				EC9195DE2B5A774E000EF206 /* LoginVC.swift */,
			);
			name = Login;
			path = "Logşin";
			sourceTree = "<group>";
		};
/* End PBXGroup section */

/* Begin PBXNativeTarget section */
		EC91956B2B594F2D000EF206 /* Daily News Reader */ = {
			isa = PBXNativeTarget;
			buildConfigurationList = EC9195802B594F2F000EF206 /* Build configuration list for PBXNativeTarget "Daily News Reader" */;
			buildPhases = (
				EC9195682B594F2D000EF206 /* Sources */,
				EC9195692B594F2D000EF206 /* Frameworks */,
				EC91956A2B594F2D000EF206 /* Resources */,
			);
			buildRules = (
			);
			dependencies = (
			);
			name = "Daily News Reader";
			packageProductDependencies = (
				EC91959E2B5978C1000EF206 /* SnapKit */,
				EC9195A02B5978C1000EF206 /* SnapKit-Dynamic */,
				EC9195B72B59ADB1000EF206 /* FirebaseAnalytics */,
				EC9195B92B59ADB1000EF206 /* FirebaseAnalyticsOnDeviceConversion */,
				EC9195BB2B59ADB1000EF206 /* FirebaseAnalyticsSwift */,
				EC9195BD2B59ADB1000EF206 /* FirebaseAnalyticsWithoutAdIdSupport */,
				EC9195BF2B59ADB1000EF206 /* FirebaseAppCheck */,
			);
			productName = "Daily News Reader";
			productReference = EC91956C2B594F2D000EF206 /* Daily News Reader.app */;
			productType = "com.apple.product-type.application";
		};
/* End PBXNativeTarget section */

/* Begin PBXProject section */
		EC9195642B594F2D000EF206 /* Project object */ = {
			isa = PBXProject;
			attributes = {
				BuildIndependentTargetsInParallel = 1;
				LastSwiftUpdateCheck = 1500;
				LastUpgradeCheck = 1500;
				TargetAttributes = {
					EC91956B2B594F2D000EF206 = {
						CreatedOnToolsVersion = 15.0;
					};
				};
			};
			buildConfigurationList = EC9195672B594F2D000EF206 /* Build configuration list for PBXProject "Daily News Reader" */;
			compatibilityVersion = "Xcode 14.0";
			developmentRegion = en;
			hasScannedForEncodings = 0;
			knownRegions = (
				en,
				Base,
			);
			mainGroup = EC9195632B594F2D000EF206;
			packageReferences = (
				EC91959D2B5978C1000EF206 /* XCRemoteSwiftPackageReference "SnapKit" */,
				EC9195B62B59ADB1000EF206 /* XCRemoteSwiftPackageReference "firebase-ios-sdk" */,
			);
			productRefGroup = EC91956D2B594F2D000EF206 /* Products */;
			projectDirPath = "";
			projectRoot = "";
			targets = (
				EC91956B2B594F2D000EF206 /* Daily News Reader */,
			);
		};
/* End PBXProject section */

/* Begin PBXResourcesBuildPhase section */
		EC91956A2B594F2D000EF206 /* Resources */ = {
			isa = PBXResourcesBuildPhase;
			buildActionMask = 2147483647;
			files = (
				EC91958B2B595F6F000EF206 /* a2.json in Resources */,
				EC91957C2B594F2F000EF206 /* LaunchScreen.storyboard in Resources */,
				EC9195792B594F2F000EF206 /* Assets.xcassets in Resources */,
				EC9195892B595F67000EF206 /* a1.json in Resources */,
				EC9195872B595F60000EF206 /* a3.json in Resources */,
			);
			runOnlyForDeploymentPostprocessing = 0;
		};
/* End PBXResourcesBuildPhase section */

/* Begin PBXSourcesBuildPhase section */
		EC9195682B594F2D000EF206 /* Sources */ = {
			isa = PBXSourcesBuildPhase;
			buildActionMask = 2147483647;
			files = (
				EC91958F2B5972E4000EF206 /* NewsModel.swift in Sources */,
				EC9195972B5975E6000EF206 /* BodyLabel.swift in Sources */,
				EC0623E92B5AC2810004B5E4 /* ForgotPasswordVC.swift in Sources */,
				EC0623EE2B5AC4DA0004B5E4 /* HelpAndSupportView.swift in Sources */,
				EC9195AF2B5993A9000EF206 /* UIView+Ext.swift in Sources */,
				EC9195AD2B59931C000EF206 /* UIViewController+Ext.swift in Sources */,
				EC9195B22B599712000EF206 /* CustomTextField.swift in Sources */,
				EC9195DA2B59C208000EF206 /* ProfileVC.swift in Sources */,
				EC0623EC2B5AC4D20004B5E4 /* HelpAndSupportVC.swift in Sources */,
				EC9195AB2B5992E9000EF206 /* CustomError.swift in Sources */,
				EC9195912B59734B000EF206 /* OnboardingModel.swift in Sources */,
				EC9195B52B59AC67000EF206 /* AuthViewModel.swift in Sources */,
				EC9195D72B59C1D8000EF206 /* FavoritesVC.swift in Sources */,
				EC9195DD2B5A774A000EF206 /* LoginView.swift in Sources */,
				EC9195C92B59BE8B000EF206 /* RegisterView.swift in Sources */,
				EC9195D12B59C1A0000EF206 /* HomeVC.swift in Sources */,
				EC9195CB2B59C093000EF206 /* RegisterVC.swift in Sources */,
				EC9195A32B5978CB000EF206 /* AlertVC.swift in Sources */,
				EC9195952B59759E000EF206 /* TitleLabel.swift in Sources */,
				EC9195A92B5992C3000EF206 /* String+Ext.swift in Sources */,
				EC9195702B594F2D000EF206 /* AppDelegate.swift in Sources */,
				EC9195D42B59C1BE000EF206 /* SearchVC.swift in Sources */,
				EC9195C22B59B5D4000EF206 /* OnboardingViewModel.swift in Sources */,
				EC9195A62B599056000EF206 /* CustomButton.swift in Sources */,
				EC91959C2B59787F000EF206 /* AlertContainerView.swift in Sources */,
				EC0623E72B5AC1710004B5E4 /* ForgotPasswordView.swift in Sources */,
				EC9195CE2B59C0F3000EF206 /* MainTabBarController.swift in Sources */,
				EC0623F02B5AC5550004B5E4 /* FontSize.swift in Sources */,
				EC9195DF2B5A774E000EF206 /* LoginVC.swift in Sources */,
				EC9195992B59762E000EF206 /* SecondaryTitleLabel.swift in Sources */,
				EC9195C42B59B61E000EF206 /* Color+Ext.swift in Sources */,
				EC9195722B594F2D000EF206 /* SceneDelegate.swift in Sources */,
			);
			runOnlyForDeploymentPostprocessing = 0;
		};
/* End PBXSourcesBuildPhase section */

/* Begin PBXVariantGroup section */
		EC91957A2B594F2F000EF206 /* LaunchScreen.storyboard */ = {
			isa = PBXVariantGroup;
			children = (
				EC91957B2B594F2F000EF206 /* Base */,
			);
			name = LaunchScreen.storyboard;
			sourceTree = "<group>";
		};
/* End PBXVariantGroup section */

/* Begin XCBuildConfiguration section */
		EC91957E2B594F2F000EF206 /* Debug */ = {
			isa = XCBuildConfiguration;
			buildSettings = {
				ALWAYS_SEARCH_USER_PATHS = NO;
				ASSETCATALOG_COMPILER_GENERATE_SWIFT_ASSET_SYMBOL_EXTENSIONS = YES;
				CLANG_ANALYZER_NONNULL = YES;
				CLANG_ANALYZER_NUMBER_OBJECT_CONVERSION = YES_AGGRESSIVE;
				CLANG_CXX_LANGUAGE_STANDARD = "gnu++20";
				CLANG_ENABLE_MODULES = YES;
				CLANG_ENABLE_OBJC_ARC = YES;
				CLANG_ENABLE_OBJC_WEAK = YES;
				CLANG_WARN_BLOCK_CAPTURE_AUTORELEASING = YES;
				CLANG_WARN_BOOL_CONVERSION = YES;
				CLANG_WARN_COMMA = YES;
				CLANG_WARN_CONSTANT_CONVERSION = YES;
				CLANG_WARN_DEPRECATED_OBJC_IMPLEMENTATIONS = YES;
				CLANG_WARN_DIRECT_OBJC_ISA_USAGE = YES_ERROR;
				CLANG_WARN_DOCUMENTATION_COMMENTS = YES;
				CLANG_WARN_EMPTY_BODY = YES;
				CLANG_WARN_ENUM_CONVERSION = YES;
				CLANG_WARN_INFINITE_RECURSION = YES;
				CLANG_WARN_INT_CONVERSION = YES;
				CLANG_WARN_NON_LITERAL_NULL_CONVERSION = YES;
				CLANG_WARN_OBJC_IMPLICIT_RETAIN_SELF = YES;
				CLANG_WARN_OBJC_LITERAL_CONVERSION = YES;
				CLANG_WARN_OBJC_ROOT_CLASS = YES_ERROR;
				CLANG_WARN_QUOTED_INCLUDE_IN_FRAMEWORK_HEADER = YES;
				CLANG_WARN_RANGE_LOOP_ANALYSIS = YES;
				CLANG_WARN_STRICT_PROTOTYPES = YES;
				CLANG_WARN_SUSPICIOUS_MOVE = YES;
				CLANG_WARN_UNGUARDED_AVAILABILITY = YES_AGGRESSIVE;
				CLANG_WARN_UNREACHABLE_CODE = YES;
				CLANG_WARN__DUPLICATE_METHOD_MATCH = YES;
				COPY_PHASE_STRIP = NO;
				DEBUG_INFORMATION_FORMAT = dwarf;
				ENABLE_STRICT_OBJC_MSGSEND = YES;
				ENABLE_TESTABILITY = YES;
				ENABLE_USER_SCRIPT_SANDBOXING = YES;
				GCC_C_LANGUAGE_STANDARD = gnu17;
				GCC_DYNAMIC_NO_PIC = NO;
				GCC_NO_COMMON_BLOCKS = YES;
				GCC_OPTIMIZATION_LEVEL = 0;
				GCC_PREPROCESSOR_DEFINITIONS = (
					"DEBUG=1",
					"$(inherited)",
				);
				GCC_WARN_64_TO_32_BIT_CONVERSION = YES;
				GCC_WARN_ABOUT_RETURN_TYPE = YES_ERROR;
				GCC_WARN_UNDECLARED_SELECTOR = YES;
				GCC_WARN_UNINITIALIZED_AUTOS = YES_AGGRESSIVE;
				GCC_WARN_UNUSED_FUNCTION = YES;
				GCC_WARN_UNUSED_VARIABLE = YES;
				IPHONEOS_DEPLOYMENT_TARGET = 17.0;
				LOCALIZATION_PREFERS_STRING_CATALOGS = YES;
				MTL_ENABLE_DEBUG_INFO = INCLUDE_SOURCE;
				MTL_FAST_MATH = YES;
				ONLY_ACTIVE_ARCH = YES;
				SDKROOT = iphoneos;
				SWIFT_ACTIVE_COMPILATION_CONDITIONS = "DEBUG $(inherited)";
				SWIFT_OPTIMIZATION_LEVEL = "-Onone";
			};
			name = Debug;
		};
		EC91957F2B594F2F000EF206 /* Release */ = {
			isa = XCBuildConfiguration;
			buildSettings = {
				ALWAYS_SEARCH_USER_PATHS = NO;
				ASSETCATALOG_COMPILER_GENERATE_SWIFT_ASSET_SYMBOL_EXTENSIONS = YES;
				CLANG_ANALYZER_NONNULL = YES;
				CLANG_ANALYZER_NUMBER_OBJECT_CONVERSION = YES_AGGRESSIVE;
				CLANG_CXX_LANGUAGE_STANDARD = "gnu++20";
				CLANG_ENABLE_MODULES = YES;
				CLANG_ENABLE_OBJC_ARC = YES;
				CLANG_ENABLE_OBJC_WEAK = YES;
				CLANG_WARN_BLOCK_CAPTURE_AUTORELEASING = YES;
				CLANG_WARN_BOOL_CONVERSION = YES;
				CLANG_WARN_COMMA = YES;
				CLANG_WARN_CONSTANT_CONVERSION = YES;
				CLANG_WARN_DEPRECATED_OBJC_IMPLEMENTATIONS = YES;
				CLANG_WARN_DIRECT_OBJC_ISA_USAGE = YES_ERROR;
				CLANG_WARN_DOCUMENTATION_COMMENTS = YES;
				CLANG_WARN_EMPTY_BODY = YES;
				CLANG_WARN_ENUM_CONVERSION = YES;
				CLANG_WARN_INFINITE_RECURSION = YES;
				CLANG_WARN_INT_CONVERSION = YES;
				CLANG_WARN_NON_LITERAL_NULL_CONVERSION = YES;
				CLANG_WARN_OBJC_IMPLICIT_RETAIN_SELF = YES;
				CLANG_WARN_OBJC_LITERAL_CONVERSION = YES;
				CLANG_WARN_OBJC_ROOT_CLASS = YES_ERROR;
				CLANG_WARN_QUOTED_INCLUDE_IN_FRAMEWORK_HEADER = YES;
				CLANG_WARN_RANGE_LOOP_ANALYSIS = YES;
				CLANG_WARN_STRICT_PROTOTYPES = YES;
				CLANG_WARN_SUSPICIOUS_MOVE = YES;
				CLANG_WARN_UNGUARDED_AVAILABILITY = YES_AGGRESSIVE;
				CLANG_WARN_UNREACHABLE_CODE = YES;
				CLANG_WARN__DUPLICATE_METHOD_MATCH = YES;
				COPY_PHASE_STRIP = NO;
				DEBUG_INFORMATION_FORMAT = "dwarf-with-dsym";
				ENABLE_NS_ASSERTIONS = NO;
				ENABLE_STRICT_OBJC_MSGSEND = YES;
				ENABLE_USER_SCRIPT_SANDBOXING = YES;
				GCC_C_LANGUAGE_STANDARD = gnu17;
				GCC_NO_COMMON_BLOCKS = YES;
				GCC_WARN_64_TO_32_BIT_CONVERSION = YES;
				GCC_WARN_ABOUT_RETURN_TYPE = YES_ERROR;
				GCC_WARN_UNDECLARED_SELECTOR = YES;
				GCC_WARN_UNINITIALIZED_AUTOS = YES_AGGRESSIVE;
				GCC_WARN_UNUSED_FUNCTION = YES;
				GCC_WARN_UNUSED_VARIABLE = YES;
				IPHONEOS_DEPLOYMENT_TARGET = 17.0;
				LOCALIZATION_PREFERS_STRING_CATALOGS = YES;
				MTL_ENABLE_DEBUG_INFO = NO;
				MTL_FAST_MATH = YES;
				SDKROOT = iphoneos;
				SWIFT_COMPILATION_MODE = wholemodule;
				VALIDATE_PRODUCT = YES;
			};
			name = Release;
		};
		EC9195812B594F2F000EF206 /* Debug */ = {
			isa = XCBuildConfiguration;
			buildSettings = {
				ASSETCATALOG_COMPILER_APPICON_NAME = AppIcon;
				ASSETCATALOG_COMPILER_GLOBAL_ACCENT_COLOR_NAME = AccentColor;
				CODE_SIGN_STYLE = Automatic;
				CURRENT_PROJECT_VERSION = 1;
				DEVELOPMENT_TEAM = 3KRQW7JR73;
				GENERATE_INFOPLIST_FILE = YES;
				INFOPLIST_FILE = "Daily News Reader/Info.plist";
				INFOPLIST_KEY_UIApplicationSupportsIndirectInputEvents = YES;
				INFOPLIST_KEY_UILaunchStoryboardName = LaunchScreen;
				INFOPLIST_KEY_UISupportedInterfaceOrientations_iPad = "UIInterfaceOrientationPortrait UIInterfaceOrientationPortraitUpsideDown UIInterfaceOrientationLandscapeLeft UIInterfaceOrientationLandscapeRight";
				INFOPLIST_KEY_UISupportedInterfaceOrientations_iPhone = "UIInterfaceOrientationPortrait UIInterfaceOrientationLandscapeLeft UIInterfaceOrientationLandscapeRight";
				LD_RUNPATH_SEARCH_PATHS = (
					"$(inherited)",
					"@executable_path/Frameworks",
				);
				MARKETING_VERSION = 1.0;
				PRODUCT_BUNDLE_IDENTIFIER = "enes.Daily-News-Reader";
				PRODUCT_NAME = "$(TARGET_NAME)";
				SWIFT_EMIT_LOC_STRINGS = YES;
				SWIFT_VERSION = 5.0;
				TARGETED_DEVICE_FAMILY = "1,2";
			};
			name = Debug;
		};
		EC9195822B594F2F000EF206 /* Release */ = {
			isa = XCBuildConfiguration;
			buildSettings = {
				ASSETCATALOG_COMPILER_APPICON_NAME = AppIcon;
				ASSETCATALOG_COMPILER_GLOBAL_ACCENT_COLOR_NAME = AccentColor;
				CODE_SIGN_STYLE = Automatic;
				CURRENT_PROJECT_VERSION = 1;
				DEVELOPMENT_TEAM = 3KRQW7JR73;
				GENERATE_INFOPLIST_FILE = YES;
				INFOPLIST_FILE = "Daily News Reader/Info.plist";
				INFOPLIST_KEY_UIApplicationSupportsIndirectInputEvents = YES;
				INFOPLIST_KEY_UILaunchStoryboardName = LaunchScreen;
				INFOPLIST_KEY_UISupportedInterfaceOrientations_iPad = "UIInterfaceOrientationPortrait UIInterfaceOrientationPortraitUpsideDown UIInterfaceOrientationLandscapeLeft UIInterfaceOrientationLandscapeRight";
				INFOPLIST_KEY_UISupportedInterfaceOrientations_iPhone = "UIInterfaceOrientationPortrait UIInterfaceOrientationLandscapeLeft UIInterfaceOrientationLandscapeRight";
				LD_RUNPATH_SEARCH_PATHS = (
					"$(inherited)",
					"@executable_path/Frameworks",
				);
				MARKETING_VERSION = 1.0;
				PRODUCT_BUNDLE_IDENTIFIER = "enes.Daily-News-Reader";
				PRODUCT_NAME = "$(TARGET_NAME)";
				SWIFT_EMIT_LOC_STRINGS = YES;
				SWIFT_VERSION = 5.0;
				TARGETED_DEVICE_FAMILY = "1,2";
			};
			name = Release;
		};
/* End XCBuildConfiguration section */

/* Begin XCConfigurationList section */
		EC9195672B594F2D000EF206 /* Build configuration list for PBXProject "Daily News Reader" */ = {
			isa = XCConfigurationList;
			buildConfigurations = (
				EC91957E2B594F2F000EF206 /* Debug */,
				EC91957F2B594F2F000EF206 /* Release */,
			);
			defaultConfigurationIsVisible = 0;
			defaultConfigurationName = Release;
		};
		EC9195802B594F2F000EF206 /* Build configuration list for PBXNativeTarget "Daily News Reader" */ = {
			isa = XCConfigurationList;
			buildConfigurations = (
				EC9195812B594F2F000EF206 /* Debug */,
				EC9195822B594F2F000EF206 /* Release */,
			);
			defaultConfigurationIsVisible = 0;
			defaultConfigurationName = Release;
		};
/* End XCConfigurationList section */

/* Begin XCRemoteSwiftPackageReference section */
		EC91959D2B5978C1000EF206 /* XCRemoteSwiftPackageReference "SnapKit" */ = {
			isa = XCRemoteSwiftPackageReference;
			repositoryURL = "https://github.com/SnapKit/SnapKit.git";
			requirement = {
				kind = upToNextMajorVersion;
				minimumVersion = 5.7.0;
			};
		};
		EC9195B62B59ADB1000EF206 /* XCRemoteSwiftPackageReference "firebase-ios-sdk" */ = {
			isa = XCRemoteSwiftPackageReference;
			repositoryURL = "https://github.com/firebase/firebase-ios-sdk.git";
			requirement = {
				kind = upToNextMinorVersion;
				minimumVersion = 10.17.0;
			};
		};
/* End XCRemoteSwiftPackageReference section */

/* Begin XCSwiftPackageProductDependency section */
		EC91959E2B5978C1000EF206 /* SnapKit */ = {
			isa = XCSwiftPackageProductDependency;
			package = EC91959D2B5978C1000EF206 /* XCRemoteSwiftPackageReference "SnapKit" */;
			productName = SnapKit;
		};
		EC9195A02B5978C1000EF206 /* SnapKit-Dynamic */ = {
			isa = XCSwiftPackageProductDependency;
			package = EC91959D2B5978C1000EF206 /* XCRemoteSwiftPackageReference "SnapKit" */;
			productName = "SnapKit-Dynamic";
		};
		EC9195B72B59ADB1000EF206 /* FirebaseAnalytics */ = {
			isa = XCSwiftPackageProductDependency;
			package = EC9195B62B59ADB1000EF206 /* XCRemoteSwiftPackageReference "firebase-ios-sdk" */;
			productName = FirebaseAnalytics;
		};
		EC9195B92B59ADB1000EF206 /* FirebaseAnalyticsOnDeviceConversion */ = {
			isa = XCSwiftPackageProductDependency;
			package = EC9195B62B59ADB1000EF206 /* XCRemoteSwiftPackageReference "firebase-ios-sdk" */;
			productName = FirebaseAnalyticsOnDeviceConversion;
		};
		EC9195BB2B59ADB1000EF206 /* FirebaseAnalyticsSwift */ = {
			isa = XCSwiftPackageProductDependency;
			package = EC9195B62B59ADB1000EF206 /* XCRemoteSwiftPackageReference "firebase-ios-sdk" */;
			productName = FirebaseAnalyticsSwift;
		};
		EC9195BD2B59ADB1000EF206 /* FirebaseAnalyticsWithoutAdIdSupport */ = {
			isa = XCSwiftPackageProductDependency;
			package = EC9195B62B59ADB1000EF206 /* XCRemoteSwiftPackageReference "firebase-ios-sdk" */;
			productName = FirebaseAnalyticsWithoutAdIdSupport;
		};
		EC9195BF2B59ADB1000EF206 /* FirebaseAppCheck */ = {
			isa = XCSwiftPackageProductDependency;
			package = EC9195B62B59ADB1000EF206 /* XCRemoteSwiftPackageReference "firebase-ios-sdk" */;
			productName = FirebaseAppCheck;
		};
/* End XCSwiftPackageProductDependency section */
	};
	rootObject = EC9195642B594F2D000EF206 /* Project object */;
}
